
Microsoft Visual Studio Solution File, Format Version 12.00
# Visual Studio Version 17
VisualStudioVersion = 17.14.37314.3 d17.14
MinimumVisualStudioVersion = 10.0.40219.1
Project("{FAE04EC0-301F-11D3-BF4B-00C04F79EFBC}") = "ArraysStringUser", "ArraysStringUser.csproj", "{190CC278-3AF5-41BC-9708-35CAC104B6FD}"
EndProject
Global
	GlobalSection(SolutionConfigurationPlatforms) = preSolution
		Debug|Any CPU = Debug|Any CPU
		Release|Any CPU = Release|Any CPU
	EndGlobalSection
	GlobalSection(ProjectConfigurationPlatforms) = postSolution
		{190CC278-3AF5-41BC-9708-35CAC104B6FD}.Debug|Any CPU.ActiveCfg = Debug|Any CPU
		{190CC278-3AF5-41BC-9708-35CAC104B6FD}.Debug|Any CPU.Build.0 = Debug|Any CPU
		{190CC278-3AF5-41BC-9708-35CAC104B6FD}.Release|Any CPU.ActiveCfg = Release|Any CPU
		{190CC278-3AF5-41BC-9708-35CAC104B6FD}.Release|Any CPU.Build.0 = Release|Any CPU
	EndGlobalSection
	GlobalSection(SolutionProperties) = preSolution
		HideSolutionNode = FALSE
	EndGlobalSection
	GlobalSection(ExtensibilityGlobals) = postSolution
		SolutionGuid = {C4F09B6E-222C-4267-A7B8-CAC11970A190}
	EndGlobalSection
EndGlobal
